
Microsoft Visual Studio Solution File, Format Version 12.00
# Visual Studio Version 16
VisualStudioVersion = 16.0.31005.135
MinimumVisualStudioVersion = 10.0.40219.1
Project("{FAE04EC0-301F-11D3-BF4B-00C04F79EFBC}") = "MasterFacility", "MasterFacility\MasterFacility.csproj", "{C0C9FF5A-9E79-403A-A664-EBB44B612EDF}"
EndProject
Global
	GlobalSection(SolutionConfigurationPlatforms) = preSolution
		Debug|Any CPU = Debug|Any CPU
		Release|Any CPU = Release|Any CPU
	EndGlobalSection
	GlobalSection(ProjectConfigurationPlatforms) = postSolution
		{C0C9FF5A-9E79-403A-A664-EBB44B612EDF}.Debug|Any CPU.ActiveCfg = Debug|Any CPU
		{C0C9FF5A-9E79-403A-A664-EBB44B612EDF}.Debug|Any CPU.Build.0 = Debug|Any CPU
		{C0C9FF5A-9E79-403A-A664-EBB44B612EDF}.Release|Any CPU.ActiveCfg = Release|Any CPU
		{C0C9FF5A-9E79-403A-A664-EBB44B612EDF}.Release|Any CPU.Build.0 = Release|Any CPU
	EndGlobalSection
	GlobalSection(SolutionProperties) = preSolution
		HideSolutionNode = FALSE
	EndGlobalSection
	GlobalSection(ExtensibilityGlobals) = postSolution
		SolutionGuid = {F41FDAD9-A30D-4C5D-98EC-9A426A468081}
	EndGlobalSection
EndGlobal
